# THIS IS AN AUTOGENERATED FILE. DO NOT EDIT THIS FILE DIRECTLY.
# yarn lockfile v1


"@types/lodash.uniqueid@^4.0.7":
  version "4.0.7"
  resolved "https://registry.yarnpkg.com/@types/lodash.uniqueid/-/lodash.uniqueid-4.0.7.tgz#d366034c757fb6b00cc4fe1f1fa942e6be3ff012"
  integrity sha512-ipMGW5nR+DTR6U5O08k1Ufr1F9iH+F3p7bhdwsnq6V6nCn/HgMq22UalDq4n91+03+pHFKyeXV1Y7vdJrm7S4g==
  dependencies:
    "@types/lodash" "*"

"@types/lodash@*":
  version "4.14.185"
  resolved "https://registry.yarnpkg.com/@types/lodash/-/lodash-4.14.185.tgz#c9843f5a40703a8f5edfd53358a58ae729816908"
  integrity sha512-evMDG1bC4rgQg4ku9tKpuMh5iBNEwNa3tf9zRHdP1qlv+1WUg44xat4IxCE14gIpZRGUUWAx2VhItCZc25NfMA==

lodash.uniqueid@^4.0.1:
  version "4.0.1"
  resolved "https://registry.yarnpkg.com/lodash.uniqueid/-/lodash.uniqueid-4.0.1.tgz#3268f26a7c88e4f4b1758d679271814e31fa5b26"
  integrity sha512-GQQWaIeGlL6DIIr06kj1j6sSmBxyNMwI8kaX9aKpHR/XsMTiaXDVPNPAkiboOTK9OJpTJF/dXT3xYoFQnj386Q==
